
Microsoft Visual Studio Solution File, Format Version 12.00
# Visual Studio Version 16
VisualStudioVersion = 16.0.30907.101
MinimumVisualStudioVersion = 10.0.40219.1
Project("{FAE04EC0-301F-11D3-BF4B-00C04F79EFBC}") = "WindowsFormsAppTest", "WindowsFormsAppTest.csproj", "{80235C2E-CE16-4544-8E38-193FF8A7291B}"
EndProject
Global
	GlobalSection(SolutionConfigurationPlatforms) = preSolution
		Debug|Any CPU = Debug|Any CPU
		Release|Any CPU = Release|Any CPU
	EndGlobalSection
	GlobalSection(ProjectConfigurationPlatforms) = postSolution
		{80235C2E-CE16-4544-8E38-193FF8A7291B}.Debug|Any CPU.ActiveCfg = Debug|Any CPU
		{80235C2E-CE16-4544-8E38-193FF8A7291B}.Debug|Any CPU.Build.0 = Debug|Any CPU
		{80235C2E-CE16-4544-8E38-193FF8A7291B}.Release|Any CPU.ActiveCfg = Release|Any CPU
		{80235C2E-CE16-4544-8E38-193FF8A7291B}.Release|Any CPU.Build.0 = Release|Any CPU
	EndGlobalSection
	GlobalSection(SolutionProperties) = preSolution
		HideSolutionNode = FALSE
	EndGlobalSection
	GlobalSection(ExtensibilityGlobals) = postSolution
		SolutionGuid = {A2EF1147-95C5-4114-9D6E-7AF7557FED35}
	EndGlobalSection
EndGlobal
